
Microsoft Visual Studio Solution File, Format Version 12.00
# Visual Studio Version 17
VisualStudioVersion = 17.5.33516.290
MinimumVisualStudioVersion = 10.0.40219.1
Project("{FAE04EC0-301F-11D3-BF4B-00C04F79EFBC}") = "Mindscapes", "Mindscapes\Mindscapes.csproj", "{DB38737C-0280-4C24-B5BB-D8D29EBC78C0}"
EndProject
Global
	GlobalSection(SolutionConfigurationPlatforms) = preSolution
		Debug|Any CPU = Debug|Any CPU
		Release|Any CPU = Release|Any CPU
	EndGlobalSection
	GlobalSection(ProjectConfigurationPlatforms) = postSolution
		{DB38737C-0280-4C24-B5BB-D8D29EBC78C0}.Debug|Any CPU.ActiveCfg = Debug|Any CPU
		{DB38737C-0280-4C24-B5BB-D8D29EBC78C0}.Debug|Any CPU.Build.0 = Debug|Any CPU
		{DB38737C-0280-4C24-B5BB-D8D29EBC78C0}.Release|Any CPU.ActiveCfg = Release|Any CPU
		{DB38737C-0280-4C24-B5BB-D8D29EBC78C0}.Release|Any CPU.Build.0 = Release|Any CPU
	EndGlobalSection
	GlobalSection(SolutionProperties) = preSolution
		HideSolutionNode = FALSE
	EndGlobalSection
	GlobalSection(ExtensibilityGlobals) = postSolution
		SolutionGuid = {E901D430-13B0-477D-B7EE-B2C68BFE2413}
	EndGlobalSection
EndGlobal
